// !$*UTF8*$!
{
	archiveVersion = 1;
	classes = {
	};
	objectVersion = 56;
	objects = {

/* Begin PBXBuildFile section */
		F61F6CEE2A0BCAEF001253D9 /* 올바른 괄호.swift in Sources */ = {isa = PBXBuildFile; fileRef = F61F6CED2A0BCAEF001253D9 /* 올바른 괄호.swift */; };
		F61F6CF02A0BD271001253D9 /* 최솟값 만들기.swift in Sources */ = {isa = PBXBuildFile; fileRef = F61F6CEF2A0BD271001253D9 /* 최솟값 만들기.swift */; };
		F61F6CF22A0BDA78001253D9 /* 다음 큰 숫자.swift in Sources */ = {isa = PBXBuildFile; fileRef = F61F6CF12A0BDA78001253D9 /* 다음 큰 숫자.swift */; };
		F61F6CF42A0BE232001253D9 /* 피보나치 수.swift in Sources */ = {isa = PBXBuildFile; fileRef = F61F6CF32A0BE232001253D9 /* 피보나치 수.swift */; };
		F65D25AA29BF881700A4AF08 /* 최소직사각형.swift in Sources */ = {isa = PBXBuildFile; fileRef = F65D25A929BF881700A4AF08 /* 최소직사각형.swift */; };
/* End PBXBuildFile section */

/* Begin PBXCopyFilesBuildPhase section */
		F6FA61AB29BA1C2C00C5F6B6 /* CopyFiles */ = {
			isa = PBXCopyFilesBuildPhase;
			buildActionMask = 2147483647;
			dstPath = /usr/share/man/man1/;
			dstSubfolderSpec = 0;
			files = (
			);
			runOnlyForDeploymentPostprocessing = 1;
		};
/* End PBXCopyFilesBuildPhase section */

/* Begin PBXFileReference section */
		F60CCDCD29D090D000A1F871 /* 크레인 인형뽑기 게임.swift */ = {isa = PBXFileReference; lastKnownFileType = sourcecode.swift; path = "크레인 인형뽑기 게임.swift"; sourceTree = "<group>"; };
		F60CCDCE29D0A33900A1F871 /* 다트 게임.swift */ = {isa = PBXFileReference; lastKnownFileType = sourcecode.swift; path = "다트 게임.swift"; sourceTree = "<group>"; };
		F60CCDCF29D164DD00A1F871 /* 비밀지도.swift */ = {isa = PBXFileReference; lastKnownFileType = sourcecode.swift; path = "비밀지도.swift"; sourceTree = "<group>"; };
		F60CCDD029D175EF00A1F871 /* 소수 찾기.swift */ = {isa = PBXFileReference; lastKnownFileType = sourcecode.swift; path = "소수 찾기.swift"; sourceTree = "<group>"; };
		F61F6CEC2A0A7755001253D9 /* 연속된 부분 수열의 합.swift */ = {isa = PBXFileReference; lastKnownFileType = sourcecode.swift; path = "연속된 부분 수열의 합.swift"; sourceTree = "<group>"; };
		F61F6CED2A0BCAEF001253D9 /* 올바른 괄호.swift */ = {isa = PBXFileReference; lastKnownFileType = sourcecode.swift; path = "올바른 괄호.swift"; sourceTree = "<group>"; };
		F61F6CEF2A0BD271001253D9 /* 최솟값 만들기.swift */ = {isa = PBXFileReference; lastKnownFileType = sourcecode.swift; path = "최솟값 만들기.swift"; sourceTree = "<group>"; };
		F61F6CF12A0BDA78001253D9 /* 다음 큰 숫자.swift */ = {isa = PBXFileReference; lastKnownFileType = sourcecode.swift; path = "다음 큰 숫자.swift"; sourceTree = "<group>"; };
		F61F6CF32A0BE232001253D9 /* 피보나치 수.swift */ = {isa = PBXFileReference; lastKnownFileType = sourcecode.swift; path = "피보나치 수.swift"; sourceTree = "<group>"; };
		F61F6CF52A0D1D35001253D9 /* 짝지어 제거하기.swift */ = {isa = PBXFileReference; lastKnownFileType = sourcecode.swift; path = "짝지어 제거하기.swift"; sourceTree = "<group>"; };
		F61F6CF72A0E84F0001253D9 /* 영어 끝말잇기.swift */ = {isa = PBXFileReference; lastKnownFileType = sourcecode.swift; path = "영어 끝말잇기.swift"; sourceTree = "<group>"; };
		F65C275F2A386EA000D6E64E /* 전력망을 둘로 나누기.swift */ = {isa = PBXFileReference; lastKnownFileType = sourcecode.swift; path = "전력망을 둘로 나누기.swift"; sourceTree = "<group>"; };
		F65C27602A389B5700D6E64E /* 배달.swift */ = {isa = PBXFileReference; lastKnownFileType = sourcecode.swift; path = "배달.swift"; sourceTree = "<group>"; };
		F65C27612A3A0AAB00D6E64E /* 점 찍기.swift */ = {isa = PBXFileReference; lastKnownFileType = sourcecode.swift; path = "점 찍기.swift"; sourceTree = "<group>"; };
		F65C27622A3AD82C00D6E64E /* 거리두기 확인하기.swift */ = {isa = PBXFileReference; lastKnownFileType = sourcecode.swift; path = "거리두기 확인하기.swift"; sourceTree = "<group>"; };
		F65D25A729BF3AD600A4AF08 /* 부족한 금액 계산하기.swift */ = {isa = PBXFileReference; lastKnownFileType = sourcecode.swift; path = "부족한 금액 계산하기.swift"; sourceTree = "<group>"; };
		F65D25A929BF881700A4AF08 /* 최소직사각형.swift */ = {isa = PBXFileReference; lastKnownFileType = sourcecode.swift; path = "최소직사각형.swift"; sourceTree = "<group>"; };
		F65D25AB29C1EA8800A4AF08 /* 햄버거 만들기.swift */ = {isa = PBXFileReference; lastKnownFileType = sourcecode.swift; path = "햄버거 만들기.swift"; sourceTree = "<group>"; };
		F65D25AD29C1EA8F00A4AF08 /* 성격 유형 검사하기.swift */ = {isa = PBXFileReference; lastKnownFileType = sourcecode.swift; path = "성격 유형 검사하기.swift"; sourceTree = "<group>"; };
		F65D25AF29C3418A00A4AF08 /* 체육복.swift */ = {isa = PBXFileReference; lastKnownFileType = sourcecode.swift; path = "체육복.swift"; sourceTree = "<group>"; };
		F65D25B129C4540E00A4AF08 /* 내적.swift */ = {isa = PBXFileReference; lastKnownFileType = sourcecode.swift; path = "내적.swift"; sourceTree = "<group>"; };
		F65D25B229C4543800A4AF08 /* 직사각형 별찍기.swift */ = {isa = PBXFileReference; lastKnownFileType = sourcecode.swift; path = "직사각형 별찍기.swift"; sourceTree = "<group>"; };
		F65D25B429C5EA2300A4AF08 /* 제일 작은 수 제거하기.swift */ = {isa = PBXFileReference; lastKnownFileType = sourcecode.swift; path = "제일 작은 수 제거하기.swift"; sourceTree = "<group>"; };
		F65D25B529C60A0200A4AF08 /* 3진법 뒤집기.swift */ = {isa = PBXFileReference; lastKnownFileType = sourcecode.swift; path = "3진법 뒤집기.swift"; sourceTree = "<group>"; };
		F65D25B729C89EBD00A4AF08 /* 예산.swift */ = {isa = PBXFileReference; lastKnownFileType = sourcecode.swift; path = "예산.swift"; sourceTree = "<group>"; };
		F65D25B929C89FBE00A4AF08 /* 이상한 문자 만들기.swift */ = {isa = PBXFileReference; lastKnownFileType = sourcecode.swift; path = "이상한 문자 만들기.swift"; sourceTree = "<group>"; };
		F65D25BA29C8AA4E00A4AF08 /* 2016년.swift */ = {isa = PBXFileReference; lastKnownFileType = sourcecode.swift; path = "2016년.swift"; sourceTree = "<group>"; };
		F65D25BC29CB32B000A4AF08 /* 시저 암호.swift */ = {isa = PBXFileReference; lastKnownFileType = sourcecode.swift; path = "시저 암호.swift"; sourceTree = "<group>"; };
		F65D25BE29CB352600A4AF08 /* 수박수박수박수박수.swift */ = {isa = PBXFileReference; lastKnownFileType = sourcecode.swift; path = "수박수박수박수박수.swift"; sourceTree = "<group>"; };
		F65D25BF29CB422700A4AF08 /* 최대공약수와 최소공배수.swift */ = {isa = PBXFileReference; lastKnownFileType = sourcecode.swift; path = "최대공약수와 최소공배수.swift"; sourceTree = "<group>"; };
		F65D25C129CC9F0200A4AF08 /* 행렬의 덧셈.swift */ = {isa = PBXFileReference; lastKnownFileType = sourcecode.swift; path = "행렬의 덧셈.swift"; sourceTree = "<group>"; };
		F65D25C229CDD5A200A4AF08 /* 문자열 다루기 기본.swift */ = {isa = PBXFileReference; lastKnownFileType = sourcecode.swift; path = "문자열 다루기 기본.swift"; sourceTree = "<group>"; };
		F65D25C429CDD9DC00A4AF08 /* 문자열 내림차순으로 배치하기.swift */ = {isa = PBXFileReference; lastKnownFileType = sourcecode.swift; path = "문자열 내림차순으로 배치하기.swift"; sourceTree = "<group>"; };
		F65D25C529CDDC4700A4AF08 /* 핸드폰 번호 가리기.swift */ = {isa = PBXFileReference; lastKnownFileType = sourcecode.swift; path = "핸드폰 번호 가리기.swift"; sourceTree = "<group>"; };
		F65D25C629CDE1FB00A4AF08 /* 가운데 글자 가져오기.swift */ = {isa = PBXFileReference; lastKnownFileType = sourcecode.swift; path = "가운데 글자 가져오기.swift"; sourceTree = "<group>"; };
		F65D25C829CDF4B200A4AF08 /* 문자열 내 마음대로 정렬하기.swift */ = {isa = PBXFileReference; lastKnownFileType = sourcecode.swift; path = "문자열 내 마음대로 정렬하기.swift"; sourceTree = "<group>"; };
		F665AE6529D2EF03003E3F38 /* 귤 고르기.swift */ = {isa = PBXFileReference; lastKnownFileType = sourcecode.swift; path = "귤 고르기.swift"; sourceTree = "<group>"; };
		F665AE6629D3392E003E3F38 /* 괄호 회전하기.swift */ = {isa = PBXFileReference; lastKnownFileType = sourcecode.swift; path = "괄호 회전하기.swift"; sourceTree = "<group>"; };
		F665AE6729D3B11F003E3F38 /* 이진 변환 반복하기.swift */ = {isa = PBXFileReference; lastKnownFileType = sourcecode.swift; path = "이진 변환 반복하기.swift"; sourceTree = "<group>"; };
		F665AE6829D486A7003E3F38 /* 숫자 변환하기.swift */ = {isa = PBXFileReference; lastKnownFileType = sourcecode.swift; path = "숫자 변환하기.swift"; sourceTree = "<group>"; };
		F68E46D929D9CA4600037C28 /* 영역 구하기.swift */ = {isa = PBXFileReference; lastKnownFileType = sourcecode.swift; path = "영역 구하기.swift"; sourceTree = "<group>"; };
		F6976A952A0F7E8B0004CB63 /* 카펫.swift */ = {isa = PBXFileReference; lastKnownFileType = sourcecode.swift; path = "카펫.swift"; sourceTree = "<group>"; };
		F6976A962A0F92880004CB63 /* JadenCase 문자열 만들기.swift */ = {isa = PBXFileReference; lastKnownFileType = sourcecode.swift; path = "JadenCase 문자열 만들기.swift"; sourceTree = "<group>"; };
		F6976A972A1241070004CB63 /* 예상 대진표.swift */ = {isa = PBXFileReference; lastKnownFileType = sourcecode.swift; path = "예상 대진표.swift"; sourceTree = "<group>"; };
		F6976A982A1241180004CB63 /* 점프와 순간 이동.swift */ = {isa = PBXFileReference; lastKnownFileType = sourcecode.swift; path = "점프와 순간 이동.swift"; sourceTree = "<group>"; };
		F6976A992A125ADA0004CB63 /* N개의 최소공배수.swift */ = {isa = PBXFileReference; lastKnownFileType = sourcecode.swift; path = "N개의 최소공배수.swift"; sourceTree = "<group>"; };
		F6976A9A2A126C5A0004CB63 /* H-Index.swift */ = {isa = PBXFileReference; lastKnownFileType = sourcecode.swift; path = "H-Index.swift"; sourceTree = "<group>"; };
		F6976A9B2A1283080004CB63 /* 연속 부분 수열 합의 개수.swift */ = {isa = PBXFileReference; lastKnownFileType = sourcecode.swift; path = "연속 부분 수열 합의 개수.swift"; sourceTree = "<group>"; };
		F6976A9C2A12A2DD0004CB63 /* 행렬의 곱셈.swift */ = {isa = PBXFileReference; lastKnownFileType = sourcecode.swift; path = "행렬의 곱셈.swift"; sourceTree = "<group>"; };
		F6976A9D2A1386870004CB63 /* n^2배열 자르기.swift */ = {isa = PBXFileReference; lastKnownFileType = sourcecode.swift; path = "n^2배열 자르기.swift"; sourceTree = "<group>"; };
		F6976A9E2A150B190004CB63 /* 의상.swift */ = {isa = PBXFileReference; lastKnownFileType = sourcecode.swift; path = "의상.swift"; sourceTree = "<group>"; };
		F6976A9F2A166F980004CB63 /* 숫자 문자열과 영단어.swift */ = {isa = PBXFileReference; lastKnownFileType = sourcecode.swift; path = "숫자 문자열과 영단어.swift"; sourceTree = "<group>"; };
		F6976AA02A17B5080004CB63 /* 할인 행사.swift */ = {isa = PBXFileReference; lastKnownFileType = sourcecode.swift; path = "할인 행사.swift"; sourceTree = "<group>"; };
		F6976AA12A1DCB6F0004CB63 /* 뉴스 클러스터링.swift */ = {isa = PBXFileReference; lastKnownFileType = sourcecode.swift; path = "뉴스 클러스터링.swift"; sourceTree = "<group>"; };
		F6976AA22A1F528E0004CB63 /* 피로도.swift */ = {isa = PBXFileReference; lastKnownFileType = sourcecode.swift; path = "피로도.swift"; sourceTree = "<group>"; };
		F6976AA32A1F6EFE0004CB63 /* 기능개발.swift */ = {isa = PBXFileReference; lastKnownFileType = sourcecode.swift; path = "기능개발.swift"; sourceTree = "<group>"; };
		F6976AA42A1F9DCD0004CB63 /* 프로세스.swift */ = {isa = PBXFileReference; lastKnownFileType = sourcecode.swift; path = "프로세스.swift"; sourceTree = "<group>"; };
		F6976AA52A20C8BA0004CB63 /* 튜플.swift */ = {isa = PBXFileReference; lastKnownFileType = sourcecode.swift; path = "튜플.swift"; sourceTree = "<group>"; };
		F6976AA62A20D2800004CB63 /* k진수에서 소수 개수 구하기.swift */ = {isa = PBXFileReference; lastKnownFileType = sourcecode.swift; path = "k진수에서 소수 개수 구하기.swift"; sourceTree = "<group>"; };
		F6976AA72A20ED040004CB63 /* 압축.swift */ = {isa = PBXFileReference; lastKnownFileType = sourcecode.swift; path = "압축.swift"; sourceTree = "<group>"; };
		F6976AA82A2249FC0004CB63 /* n진수 게임.swift */ = {isa = PBXFileReference; lastKnownFileType = sourcecode.swift; path = "n진수 게임.swift"; sourceTree = "<group>"; };
		F6976AA92A24F4980004CB63 /* 주차 요금 계산.swift */ = {isa = PBXFileReference; lastKnownFileType = sourcecode.swift; path = "주차 요금 계산.swift"; sourceTree = "<group>"; };
		F6976AAA2A25C8030004CB63 /* 오픈채팅방.swift */ = {isa = PBXFileReference; lastKnownFileType = sourcecode.swift; path = "오픈채팅방.swift"; sourceTree = "<group>"; };
		F6976AAB2A25EC970004CB63 /* 방문 길이.swift */ = {isa = PBXFileReference; lastKnownFileType = sourcecode.swift; path = "방문 길이.swift"; sourceTree = "<group>"; };
		F6976AAC2A2707E50004CB63 /* 스킬트리.swift */ = {isa = PBXFileReference; lastKnownFileType = sourcecode.swift; path = "스킬트리.swift"; sourceTree = "<group>"; };
		F6976AAD2A276E3D0004CB63 /* 모음사전.swift */ = {isa = PBXFileReference; lastKnownFileType = sourcecode.swift; path = "모음사전.swift"; sourceTree = "<group>"; };
		F6976AAE2A28D0FB0004CB63 /* 파일명 정렬.swift */ = {isa = PBXFileReference; lastKnownFileType = sourcecode.swift; path = "파일명 정렬.swift"; sourceTree = "<group>"; };
		F6976AAF2A29B1040004CB63 /* 프렌즈 4블록.swift */ = {isa = PBXFileReference; lastKnownFileType = sourcecode.swift; path = "프렌즈 4블록.swift"; sourceTree = "<group>"; };
		F6976AB02A29C5950004CB63 /* 뒤에 있는 큰 수 찾기.swift */ = {isa = PBXFileReference; lastKnownFileType = sourcecode.swift; path = "뒤에 있는 큰 수 찾기.swift"; sourceTree = "<group>"; };
		F6976AB12A29E88D0004CB63 /* 2개 이하로 다른 비트.swift */ = {isa = PBXFileReference; lastKnownFileType = sourcecode.swift; path = "2개 이하로 다른 비트.swift"; sourceTree = "<group>"; };
		F6976AB22A2B82F50004CB63 /* 다리를 지나는 트럭.swift */ = {isa = PBXFileReference; lastKnownFileType = sourcecode.swift; path = "다리를 지나는 트럭.swift"; sourceTree = "<group>"; };
		F6976AB32A2B9D070004CB63 /* 롤케이크 자르기.swift */ = {isa = PBXFileReference; lastKnownFileType = sourcecode.swift; path = "롤케이크 자르기.swift"; sourceTree = "<group>"; };
		F6976AB42A2BAA1E0004CB63 /* 가장 큰 수.swift */ = {isa = PBXFileReference; lastKnownFileType = sourcecode.swift; path = "가장 큰 수.swift"; sourceTree = "<group>"; };
		F6976AB52A2C41AA0004CB63 /* 소수 찾기.swift */ = {isa = PBXFileReference; lastKnownFileType = sourcecode.swift; path = "소수 찾기.swift"; sourceTree = "<group>"; };
		F6976AB62A2D985D0004CB63 /* 쿼드압축 후 개수 세기.swift */ = {isa = PBXFileReference; lastKnownFileType = sourcecode.swift; path = "쿼드압축 후 개수 세기.swift"; sourceTree = "<group>"; };
		F6976AB72A2DA6490004CB63 /* 큰 수 만들기.swift */ = {isa = PBXFileReference; lastKnownFileType = sourcecode.swift; path = "큰 수 만들기.swift"; sourceTree = "<group>"; };
		F6976AB82A2DC34A0004CB63 /* 삼각 달팽이.swift */ = {isa = PBXFileReference; lastKnownFileType = sourcecode.swift; path = "삼각 달팽이.swift"; sourceTree = "<group>"; };
		F6976AB92A30AC910004CB63 /* 택배상자.swift */ = {isa = PBXFileReference; lastKnownFileType = sourcecode.swift; path = "택배상자.swift"; sourceTree = "<group>"; };
		F6976ABA2A30C01D0004CB63 /* 두 큐 합 같게 만들기.swift */ = {isa = PBXFileReference; lastKnownFileType = sourcecode.swift; path = "두 큐 합 같게 만들기.swift"; sourceTree = "<group>"; };
		F6976ABB2A3213E20004CB63 /* 메뉴 리뉴얼.swift */ = {isa = PBXFileReference; lastKnownFileType = sourcecode.swift; path = "메뉴 리뉴얼.swift"; sourceTree = "<group>"; };
		F6976ABC2A360EA60004CB63 /* 무인도 여행.swift */ = {isa = PBXFileReference; lastKnownFileType = sourcecode.swift; path = "무인도 여행.swift"; sourceTree = "<group>"; };
		F6976ABD2A3724170004CB63 /* 방곡 그 곡.swift */ = {isa = PBXFileReference; lastKnownFileType = sourcecode.swift; path = "방곡 그 곡.swift"; sourceTree = "<group>"; };
		F6976ABE2A3742E40004CB63 /* 괄호 변환.swift */ = {isa = PBXFileReference; lastKnownFileType = sourcecode.swift; path = "괄호 변환.swift"; sourceTree = "<group>"; };
		F6976ABF2A374E570004CB63 /* 수식 최대화.swift */ = {isa = PBXFileReference; lastKnownFileType = sourcecode.swift; path = "수식 최대화.swift"; sourceTree = "<group>"; };
		F6976AC02A3854BD0004CB63 /* 행렬 테두리 회전하기.swift */ = {isa = PBXFileReference; lastKnownFileType = sourcecode.swift; path = "행렬 테두리 회전하기.swift"; sourceTree = "<group>"; };
		F6FA61AD29BA1C2C00C5F6B6 /* Algorithm */ = {isa = PBXFileReference; explicitFileType = "compiled.mach-o.executable"; includeInIndex = 0; path = Algorithm; sourceTree = BUILT_PRODUCTS_DIR; };
		F6FA61B029BA1C2C00C5F6B6 /* 실패율.swift */ = {isa = PBXFileReference; lastKnownFileType = sourcecode.swift; path = "실패율.swift"; sourceTree = "<group>"; };
		F6FA61B729BA1CC600C5F6B6 /* 모의고사.swift */ = {isa = PBXFileReference; lastKnownFileType = sourcecode.swift; path = "모의고사.swift"; sourceTree = "<group>"; };
		F6FA61B929BA1CE700C5F6B6 /* K번째수.swift */ = {isa = PBXFileReference; lastKnownFileType = sourcecode.swift; path = "K번째수.swift"; sourceTree = "<group>"; };
		F6FA61BC29BA1D2F00C5F6B6 /* 땅따먹기.swift */ = {isa = PBXFileReference; lastKnownFileType = sourcecode.swift; path = "땅따먹기.swift"; sourceTree = "<group>"; };
		F6FA61C229BA1F3600C5F6B6 /* 개인정보 수집 유효기간.swift */ = {isa = PBXFileReference; lastKnownFileType = sourcecode.swift; path = "개인정보 수집 유효기간.swift"; sourceTree = "<group>"; };
		F6FA61C429BA1F5100C5F6B6 /* 신고 결과 받기.swift */ = {isa = PBXFileReference; lastKnownFileType = sourcecode.swift; path = "신고 결과 받기.swift"; sourceTree = "<group>"; };
		F6FA61C629BA1F6700C5F6B6 /* 신규 아이디 추천.swift */ = {isa = PBXFileReference; lastKnownFileType = sourcecode.swift; path = "신규 아이디 추천.swift"; sourceTree = "<group>"; };
		F6FA61C829BA1F8200C5F6B6 /* 둘만의 암호.swift */ = {isa = PBXFileReference; lastKnownFileType = sourcecode.swift; path = "둘만의 암호.swift"; sourceTree = "<group>"; };
		F6FA61CA29BA1F9C00C5F6B6 /* 멀리 뛰기.swift */ = {isa = PBXFileReference; lastKnownFileType = sourcecode.swift; path = "멀리 뛰기.swift"; sourceTree = "<group>"; };
		F6FA61CC29BA1FD200C5F6B6 /* 단어 변환.swift */ = {isa = PBXFileReference; lastKnownFileType = sourcecode.swift; path = "단어 변환.swift"; sourceTree = "<group>"; };
		F6FA61CE29BA200300C5F6B6 /* 타겟 넘버.swift */ = {isa = PBXFileReference; lastKnownFileType = sourcecode.swift; path = "타겟 넘버.swift"; sourceTree = "<group>"; };
		F6FA61D029BA202000C5F6B6 /* 여행 경로.swift */ = {isa = PBXFileReference; lastKnownFileType = sourcecode.swift; path = "여행 경로.swift"; sourceTree = "<group>"; };
		F6FA61D229BA203600C5F6B6 /* 네트워크.swift */ = {isa = PBXFileReference; lastKnownFileType = sourcecode.swift; path = "네트워크.swift"; sourceTree = "<group>"; };
		F6FA61D429BA206600C5F6B6 /* 호텔 대실.swift */ = {isa = PBXFileReference; lastKnownFileType = sourcecode.swift; path = "호텔 대실.swift"; sourceTree = "<group>"; };
		F6FA61D829BA20A200C5F6B6 /* 콜라 문제.swift */ = {isa = PBXFileReference; lastKnownFileType = sourcecode.swift; path = "콜라 문제.swift"; sourceTree = "<group>"; };
		F6FA61DA29BA20B300C5F6B6 /* 없는 숫자 더하기.swift */ = {isa = PBXFileReference; lastKnownFileType = sourcecode.swift; path = "없는 숫자 더하기.swift"; sourceTree = "<group>"; };
		F6FA61DC29BA20C400C5F6B6 /* 카드 뭉치.swift */ = {isa = PBXFileReference; lastKnownFileType = sourcecode.swift; path = "카드 뭉치.swift"; sourceTree = "<group>"; };
		F6FA61DE29BA20DA00C5F6B6 /* 대충 만든 자판.swift */ = {isa = PBXFileReference; lastKnownFileType = sourcecode.swift; path = "대충 만든 자판.swift"; sourceTree = "<group>"; };
		F6FA61E029BA20FD00C5F6B6 /* 삼총사.swift */ = {isa = PBXFileReference; lastKnownFileType = sourcecode.swift; path = "삼총사.swift"; sourceTree = "<group>"; };
		F6FA61E729BAB22E00C5F6B6 /* 숫자 짝꿍.swift */ = {isa = PBXFileReference; lastKnownFileType = sourcecode.swift; path = "숫자 짝꿍.swift"; sourceTree = "<group>"; };
/* End PBXFileReference section */

/* Begin PBXFrameworksBuildPhase section */
		F6FA61AA29BA1C2C00C5F6B6 /* Frameworks */ = {
			isa = PBXFrameworksBuildPhase;
			buildActionMask = 2147483647;
			files = (
			);
			runOnlyForDeploymentPostprocessing = 0;
		};
/* End PBXFrameworksBuildPhase section */

/* Begin PBXGroup section */
		F68E46D729D9CA2F00037C28 /* PRG */ = {
			isa = PBXGroup;
			children = (
				F6FA61BE29BA1D5200C5F6B6 /* LV.1 */,
				F6FA61BF29BA1D5F00C5F6B6 /* LV.2 */,
				F6FA61C029BA1D6200C5F6B6 /* LV.3 */,
			);
			path = PRG;
			sourceTree = "<group>";
		};
		F68E46D829D9CA3700037C28 /* BOJ */ = {
			isa = PBXGroup;
			children = (
				F68E46D929D9CA4600037C28 /* 영역 구하기.swift */,
			);
			path = BOJ;
			sourceTree = "<group>";
		};
		F6FA61A429BA1C2C00C5F6B6 = {
			isa = PBXGroup;
			children = (
				F6FA61AF29BA1C2C00C5F6B6 /* Algorithm */,
				F6FA61AE29BA1C2C00C5F6B6 /* Products */,
			);
			sourceTree = "<group>";
		};
		F6FA61AE29BA1C2C00C5F6B6 /* Products */ = {
			isa = PBXGroup;
			children = (
				F6FA61AD29BA1C2C00C5F6B6 /* Algorithm */,
			);
			name = Products;
			sourceTree = "<group>";
		};
		F6FA61AF29BA1C2C00C5F6B6 /* Algorithm */ = {
			isa = PBXGroup;
			children = (
				F68E46D729D9CA2F00037C28 /* PRG */,
				F68E46D829D9CA3700037C28 /* BOJ */,
			);
			path = Algorithm;
			sourceTree = "<group>";
		};
		F6FA61BE29BA1D5200C5F6B6 /* LV.1 */ = {
			isa = PBXGroup;
			children = (
				F6FA61B029BA1C2C00C5F6B6 /* 실패율.swift */,
				F6FA61B729BA1CC600C5F6B6 /* 모의고사.swift */,
				F6FA61B929BA1CE700C5F6B6 /* K번째수.swift */,
				F6FA61C229BA1F3600C5F6B6 /* 개인정보 수집 유효기간.swift */,
				F6FA61C429BA1F5100C5F6B6 /* 신고 결과 받기.swift */,
				F6FA61C629BA1F6700C5F6B6 /* 신규 아이디 추천.swift */,
				F6FA61C829BA1F8200C5F6B6 /* 둘만의 암호.swift */,
				F6FA61D829BA20A200C5F6B6 /* 콜라 문제.swift */,
				F6FA61DA29BA20B300C5F6B6 /* 없는 숫자 더하기.swift */,
				F6FA61DC29BA20C400C5F6B6 /* 카드 뭉치.swift */,
				F6FA61DE29BA20DA00C5F6B6 /* 대충 만든 자판.swift */,
				F6FA61E029BA20FD00C5F6B6 /* 삼총사.swift */,
				F6FA61E729BAB22E00C5F6B6 /* 숫자 짝꿍.swift */,
				F65D25A729BF3AD600A4AF08 /* 부족한 금액 계산하기.swift */,
				F65D25A929BF881700A4AF08 /* 최소직사각형.swift */,
				F65D25AB29C1EA8800A4AF08 /* 햄버거 만들기.swift */,
				F65D25AD29C1EA8F00A4AF08 /* 성격 유형 검사하기.swift */,
				F65D25AF29C3418A00A4AF08 /* 체육복.swift */,
				F65D25B129C4540E00A4AF08 /* 내적.swift */,
				F65D25B229C4543800A4AF08 /* 직사각형 별찍기.swift */,
				F65D25B429C5EA2300A4AF08 /* 제일 작은 수 제거하기.swift */,
				F65D25B529C60A0200A4AF08 /* 3진법 뒤집기.swift */,
				F65D25B729C89EBD00A4AF08 /* 예산.swift */,
				F65D25B929C89FBE00A4AF08 /* 이상한 문자 만들기.swift */,
				F65D25BA29C8AA4E00A4AF08 /* 2016년.swift */,
				F65D25BC29CB32B000A4AF08 /* 시저 암호.swift */,
				F65D25BE29CB352600A4AF08 /* 수박수박수박수박수.swift */,
				F65D25BF29CB422700A4AF08 /* 최대공약수와 최소공배수.swift */,
				F65D25C129CC9F0200A4AF08 /* 행렬의 덧셈.swift */,
				F65D25C229CDD5A200A4AF08 /* 문자열 다루기 기본.swift */,
				F65D25C429CDD9DC00A4AF08 /* 문자열 내림차순으로 배치하기.swift */,
				F65D25C529CDDC4700A4AF08 /* 핸드폰 번호 가리기.swift */,
				F65D25C629CDE1FB00A4AF08 /* 가운데 글자 가져오기.swift */,
				F65D25C829CDF4B200A4AF08 /* 문자열 내 마음대로 정렬하기.swift */,
				F60CCDCD29D090D000A1F871 /* 크레인 인형뽑기 게임.swift */,
				F60CCDCE29D0A33900A1F871 /* 다트 게임.swift */,
				F60CCDCF29D164DD00A1F871 /* 비밀지도.swift */,
				F60CCDD029D175EF00A1F871 /* 소수 찾기.swift */,
				F6976A9F2A166F980004CB63 /* 숫자 문자열과 영단어.swift */,
			);
			path = LV.1;
			sourceTree = "<group>";
		};
		F6FA61BF29BA1D5F00C5F6B6 /* LV.2 */ = {
			isa = PBXGroup;
			children = (
				F6FA61BC29BA1D2F00C5F6B6 /* 땅따먹기.swift */,
				F6FA61CA29BA1F9C00C5F6B6 /* 멀리 뛰기.swift */,
				F6FA61CE29BA200300C5F6B6 /* 타겟 넘버.swift */,
				F6FA61D429BA206600C5F6B6 /* 호텔 대실.swift */,
				F665AE6529D2EF03003E3F38 /* 귤 고르기.swift */,
				F665AE6629D3392E003E3F38 /* 괄호 회전하기.swift */,
				F665AE6729D3B11F003E3F38 /* 이진 변환 반복하기.swift */,
				F665AE6829D486A7003E3F38 /* 숫자 변환하기.swift */,
				F61F6CEC2A0A7755001253D9 /* 연속된 부분 수열의 합.swift */,
				F61F6CED2A0BCAEF001253D9 /* 올바른 괄호.swift */,
				F61F6CEF2A0BD271001253D9 /* 최솟값 만들기.swift */,
				F61F6CF12A0BDA78001253D9 /* 다음 큰 숫자.swift */,
				F61F6CF32A0BE232001253D9 /* 피보나치 수.swift */,
				F61F6CF52A0D1D35001253D9 /* 짝지어 제거하기.swift */,
				F61F6CF72A0E84F0001253D9 /* 영어 끝말잇기.swift */,
				F6976A952A0F7E8B0004CB63 /* 카펫.swift */,
				F6976A962A0F92880004CB63 /* JadenCase 문자열 만들기.swift */,
				F6976A972A1241070004CB63 /* 예상 대진표.swift */,
				F6976A982A1241180004CB63 /* 점프와 순간 이동.swift */,
				F6976A992A125ADA0004CB63 /* N개의 최소공배수.swift */,
				F6976A9A2A126C5A0004CB63 /* H-Index.swift */,
				F6976A9B2A1283080004CB63 /* 연속 부분 수열 합의 개수.swift */,
				F6976A9C2A12A2DD0004CB63 /* 행렬의 곱셈.swift */,
				F6976A9D2A1386870004CB63 /* n^2배열 자르기.swift */,
				F6976A9E2A150B190004CB63 /* 의상.swift */,
				F6976AA02A17B5080004CB63 /* 할인 행사.swift */,
				F6976AA12A1DCB6F0004CB63 /* 뉴스 클러스터링.swift */,
				F6976AA22A1F528E0004CB63 /* 피로도.swift */,
				F6976AA32A1F6EFE0004CB63 /* 기능개발.swift */,
				F6976AA52A20C8BA0004CB63 /* 튜플.swift */,
				F6976AA42A1F9DCD0004CB63 /* 프로세스.swift */,
				F6976AA62A20D2800004CB63 /* k진수에서 소수 개수 구하기.swift */,
				F6976AA72A20ED040004CB63 /* 압축.swift */,
				F6976AA82A2249FC0004CB63 /* n진수 게임.swift */,
				F6976AA92A24F4980004CB63 /* 주차 요금 계산.swift */,
				F6976AAA2A25C8030004CB63 /* 오픈채팅방.swift */,
				F6976AAB2A25EC970004CB63 /* 방문 길이.swift */,
				F6976AAC2A2707E50004CB63 /* 스킬트리.swift */,
				F6976AAD2A276E3D0004CB63 /* 모음사전.swift */,
				F6976AAE2A28D0FB0004CB63 /* 파일명 정렬.swift */,
				F6976AAF2A29B1040004CB63 /* 프렌즈 4블록.swift */,
				F6976AB02A29C5950004CB63 /* 뒤에 있는 큰 수 찾기.swift */,
				F6976AB12A29E88D0004CB63 /* 2개 이하로 다른 비트.swift */,
				F6976AB22A2B82F50004CB63 /* 다리를 지나는 트럭.swift */,
				F6976AB32A2B9D070004CB63 /* 롤케이크 자르기.swift */,
				F6976AB42A2BAA1E0004CB63 /* 가장 큰 수.swift */,
				F6976AB52A2C41AA0004CB63 /* 소수 찾기.swift */,
				F6976AB62A2D985D0004CB63 /* 쿼드압축 후 개수 세기.swift */,
				F6976AB72A2DA6490004CB63 /* 큰 수 만들기.swift */,
				F6976AB82A2DC34A0004CB63 /* 삼각 달팽이.swift */,
				F6976AB92A30AC910004CB63 /* 택배상자.swift */,
				F6976ABA2A30C01D0004CB63 /* 두 큐 합 같게 만들기.swift */,
				F6976ABB2A3213E20004CB63 /* 메뉴 리뉴얼.swift */,
				F6976ABC2A360EA60004CB63 /* 무인도 여행.swift */,
				F6976ABD2A3724170004CB63 /* 방곡 그 곡.swift */,
				F6976ABE2A3742E40004CB63 /* 괄호 변환.swift */,
				F6976ABF2A374E570004CB63 /* 수식 최대화.swift */,
				F6976AC02A3854BD0004CB63 /* 행렬 테두리 회전하기.swift */,
				F65C275F2A386EA000D6E64E /* 전력망을 둘로 나누기.swift */,
				F65C27602A389B5700D6E64E /* 배달.swift */,
				F65C27612A3A0AAB00D6E64E /* 점 찍기.swift */,
				F65C27622A3AD82C00D6E64E /* 거리두기 확인하기.swift */,
			);
			path = LV.2;
			sourceTree = "<group>";
		};
		F6FA61C029BA1D6200C5F6B6 /* LV.3 */ = {
			isa = PBXGroup;
			children = (
				F6FA61CC29BA1FD200C5F6B6 /* 단어 변환.swift */,
				F6FA61D029BA202000C5F6B6 /* 여행 경로.swift */,
				F6FA61D229BA203600C5F6B6 /* 네트워크.swift */,
			);
			path = LV.3;
			sourceTree = "<group>";
		};
/* End PBXGroup section */

/* Begin PBXNativeTarget section */
		F6FA61AC29BA1C2C00C5F6B6 /* Algorithm */ = {
			isa = PBXNativeTarget;
			buildConfigurationList = F6FA61B429BA1C2C00C5F6B6 /* Build configuration list for PBXNativeTarget "Algorithm" */;
			buildPhases = (
				F6FA61A929BA1C2C00C5F6B6 /* Sources */,
				F6FA61AA29BA1C2C00C5F6B6 /* Frameworks */,
				F6FA61AB29BA1C2C00C5F6B6 /* CopyFiles */,
			);
			buildRules = (
			);
			dependencies = (
			);
			name = Algorithm;
			productName = Algorithm;
			productReference = F6FA61AD29BA1C2C00C5F6B6 /* Algorithm */;
			productType = "com.apple.product-type.tool";
		};
/* End PBXNativeTarget section */

/* Begin PBXProject section */
		F6FA61A529BA1C2C00C5F6B6 /* Project object */ = {
			isa = PBXProject;
			attributes = {
				BuildIndependentTargetsInParallel = 1;
				LastSwiftUpdateCheck = 1400;
				LastUpgradeCheck = 1400;
				TargetAttributes = {
					F6FA61AC29BA1C2C00C5F6B6 = {
						CreatedOnToolsVersion = 14.0.1;
						LastSwiftMigration = 1400;
					};
				};
			};
			buildConfigurationList = F6FA61A829BA1C2C00C5F6B6 /* Build configuration list for PBXProject "Algorithm" */;
			compatibilityVersion = "Xcode 14.0";
			developmentRegion = en;
			hasScannedForEncodings = 0;
			knownRegions = (
				en,
				Base,
			);
			mainGroup = F6FA61A429BA1C2C00C5F6B6;
			productRefGroup = F6FA61AE29BA1C2C00C5F6B6 /* Products */;
			projectDirPath = "";
			projectRoot = "";
			targets = (
				F6FA61AC29BA1C2C00C5F6B6 /* Algorithm */,
			);
		};
/* End PBXProject section */

/* Begin PBXSourcesBuildPhase section */
		F6FA61A929BA1C2C00C5F6B6 /* Sources */ = {
			isa = PBXSourcesBuildPhase;
			buildActionMask = 2147483647;
			files = (
				F61F6CF22A0BDA78001253D9 /* 다음 큰 숫자.swift in Sources */,
				F61F6CF42A0BE232001253D9 /* 피보나치 수.swift in Sources */,
				F65D25AA29BF881700A4AF08 /* 최소직사각형.swift in Sources */,
				F61F6CF02A0BD271001253D9 /* 최솟값 만들기.swift in Sources */,
				F61F6CEE2A0BCAEF001253D9 /* 올바른 괄호.swift in Sources */,
			);
			runOnlyForDeploymentPostprocessing = 0;
		};
/* End PBXSourcesBuildPhase section */

/* Begin XCBuildConfiguration section */
		F6FA61B229BA1C2C00C5F6B6 /* Debug */ = {
			isa = XCBuildConfiguration;
			buildSettings = {
				ALWAYS_SEARCH_USER_PATHS = NO;
				CLANG_ANALYZER_NONNULL = YES;
				CLANG_ANALYZER_NUMBER_OBJECT_CONVERSION = YES_AGGRESSIVE;
				CLANG_CXX_LANGUAGE_STANDARD = "gnu++20";
				CLANG_ENABLE_MODULES = YES;
				CLANG_ENABLE_OBJC_ARC = YES;
				CLANG_ENABLE_OBJC_WEAK = YES;
				CLANG_WARN_BLOCK_CAPTURE_AUTORELEASING = YES;
				CLANG_WARN_BOOL_CONVERSION = YES;
				CLANG_WARN_COMMA = YES;
				CLANG_WARN_CONSTANT_CONVERSION = YES;
				CLANG_WARN_DEPRECATED_OBJC_IMPLEMENTATIONS = YES;
				CLANG_WARN_DIRECT_OBJC_ISA_USAGE = YES_ERROR;
				CLANG_WARN_DOCUMENTATION_COMMENTS = YES;
				CLANG_WARN_EMPTY_BODY = YES;
				CLANG_WARN_ENUM_CONVERSION = YES;
				CLANG_WARN_INFINITE_RECURSION = YES;
				CLANG_WARN_INT_CONVERSION = YES;
				CLANG_WARN_NON_LITERAL_NULL_CONVERSION = YES;
				CLANG_WARN_OBJC_IMPLICIT_RETAIN_SELF = YES;
				CLANG_WARN_OBJC_LITERAL_CONVERSION = YES;
				CLANG_WARN_OBJC_ROOT_CLASS = YES_ERROR;
				CLANG_WARN_QUOTED_INCLUDE_IN_FRAMEWORK_HEADER = YES;
				CLANG_WARN_RANGE_LOOP_ANALYSIS = YES;
				CLANG_WARN_STRICT_PROTOTYPES = YES;
				CLANG_WARN_SUSPICIOUS_MOVE = YES;
				CLANG_WARN_UNGUARDED_AVAILABILITY = YES_AGGRESSIVE;
				CLANG_WARN_UNREACHABLE_CODE = YES;
				CLANG_WARN__DUPLICATE_METHOD_MATCH = YES;
				COPY_PHASE_STRIP = NO;
				DEBUG_INFORMATION_FORMAT = dwarf;
				ENABLE_STRICT_OBJC_MSGSEND = YES;
				ENABLE_TESTABILITY = YES;
				GCC_C_LANGUAGE_STANDARD = gnu11;
				GCC_DYNAMIC_NO_PIC = NO;
				GCC_NO_COMMON_BLOCKS = YES;
				GCC_OPTIMIZATION_LEVEL = 0;
				GCC_PREPROCESSOR_DEFINITIONS = (
					"DEBUG=1",
					"$(inherited)",
				);
				GCC_WARN_64_TO_32_BIT_CONVERSION = YES;
				GCC_WARN_ABOUT_RETURN_TYPE = YES_ERROR;
				GCC_WARN_UNDECLARED_SELECTOR = YES;
				GCC_WARN_UNINITIALIZED_AUTOS = YES_AGGRESSIVE;
				GCC_WARN_UNUSED_FUNCTION = YES;
				GCC_WARN_UNUSED_VARIABLE = YES;
				MACOSX_DEPLOYMENT_TARGET = 12.3;
				MTL_ENABLE_DEBUG_INFO = INCLUDE_SOURCE;
				MTL_FAST_MATH = YES;
				ONLY_ACTIVE_ARCH = YES;
				SDKROOT = macosx;
				SWIFT_ACTIVE_COMPILATION_CONDITIONS = DEBUG;
				SWIFT_OPTIMIZATION_LEVEL = "-Onone";
			};
			name = Debug;
		};
		F6FA61B329BA1C2C00C5F6B6 /* Release */ = {
			isa = XCBuildConfiguration;
			buildSettings = {
				ALWAYS_SEARCH_USER_PATHS = NO;
				CLANG_ANALYZER_NONNULL = YES;
				CLANG_ANALYZER_NUMBER_OBJECT_CONVERSION = YES_AGGRESSIVE;
				CLANG_CXX_LANGUAGE_STANDARD = "gnu++20";
				CLANG_ENABLE_MODULES = YES;
				CLANG_ENABLE_OBJC_ARC = YES;
				CLANG_ENABLE_OBJC_WEAK = YES;
				CLANG_WARN_BLOCK_CAPTURE_AUTORELEASING = YES;
				CLANG_WARN_BOOL_CONVERSION = YES;
				CLANG_WARN_COMMA = YES;
				CLANG_WARN_CONSTANT_CONVERSION = YES;
				CLANG_WARN_DEPRECATED_OBJC_IMPLEMENTATIONS = YES;
				CLANG_WARN_DIRECT_OBJC_ISA_USAGE = YES_ERROR;
				CLANG_WARN_DOCUMENTATION_COMMENTS = YES;
				CLANG_WARN_EMPTY_BODY = YES;
				CLANG_WARN_ENUM_CONVERSION = YES;
				CLANG_WARN_INFINITE_RECURSION = YES;
				CLANG_WARN_INT_CONVERSION = YES;
				CLANG_WARN_NON_LITERAL_NULL_CONVERSION = YES;
				CLANG_WARN_OBJC_IMPLICIT_RETAIN_SELF = YES;
				CLANG_WARN_OBJC_LITERAL_CONVERSION = YES;
				CLANG_WARN_OBJC_ROOT_CLASS = YES_ERROR;
				CLANG_WARN_QUOTED_INCLUDE_IN_FRAMEWORK_HEADER = YES;
				CLANG_WARN_RANGE_LOOP_ANALYSIS = YES;
				CLANG_WARN_STRICT_PROTOTYPES = YES;
				CLANG_WARN_SUSPICIOUS_MOVE = YES;
				CLANG_WARN_UNGUARDED_AVAILABILITY = YES_AGGRESSIVE;
				CLANG_WARN_UNREACHABLE_CODE = YES;
				CLANG_WARN__DUPLICATE_METHOD_MATCH = YES;
				COPY_PHASE_STRIP = NO;
				DEBUG_INFORMATION_FORMAT = "dwarf-with-dsym";
				ENABLE_NS_ASSERTIONS = NO;
				ENABLE_STRICT_OBJC_MSGSEND = YES;
				GCC_C_LANGUAGE_STANDARD = gnu11;
				GCC_NO_COMMON_BLOCKS = YES;
				GCC_WARN_64_TO_32_BIT_CONVERSION = YES;
				GCC_WARN_ABOUT_RETURN_TYPE = YES_ERROR;
				GCC_WARN_UNDECLARED_SELECTOR = YES;
				GCC_WARN_UNINITIALIZED_AUTOS = YES_AGGRESSIVE;
				GCC_WARN_UNUSED_FUNCTION = YES;
				GCC_WARN_UNUSED_VARIABLE = YES;
				MACOSX_DEPLOYMENT_TARGET = 12.3;
				MTL_ENABLE_DEBUG_INFO = NO;
				MTL_FAST_MATH = YES;
				SDKROOT = macosx;
				SWIFT_COMPILATION_MODE = wholemodule;
				SWIFT_OPTIMIZATION_LEVEL = "-O";
			};
			name = Release;
		};
		F6FA61B529BA1C2C00C5F6B6 /* Debug */ = {
			isa = XCBuildConfiguration;
			buildSettings = {
				CLANG_ENABLE_MODULES = YES;
				CODE_SIGN_STYLE = Automatic;
				DEVELOPMENT_TEAM = FJNF7APGSX;
				ENABLE_HARDENED_RUNTIME = YES;
				LD_RUNPATH_SEARCH_PATHS = (
					"$(inherited)",
					"@executable_path/../Frameworks",
					"@loader_path/../Frameworks",
				);
				PRODUCT_NAME = "$(TARGET_NAME)";
				SWIFT_OBJC_BRIDGING_HEADER = "Algorithm/LV.1/Algorithm-Bridging-Header.h";
				SWIFT_OPTIMIZATION_LEVEL = "-Onone";
				SWIFT_VERSION = 5.0;
			};
			name = Debug;
		};
		F6FA61B629BA1C2C00C5F6B6 /* Release */ = {
			isa = XCBuildConfiguration;
			buildSettings = {
				CLANG_ENABLE_MODULES = YES;
				CODE_SIGN_STYLE = Automatic;
				DEVELOPMENT_TEAM = FJNF7APGSX;
				ENABLE_HARDENED_RUNTIME = YES;
				LD_RUNPATH_SEARCH_PATHS = (
					"$(inherited)",
					"@executable_path/../Frameworks",
					"@loader_path/../Frameworks",
				);
				PRODUCT_NAME = "$(TARGET_NAME)";
				SWIFT_OBJC_BRIDGING_HEADER = "Algorithm/LV.1/Algorithm-Bridging-Header.h";
				SWIFT_VERSION = 5.0;
			};
			name = Release;
		};
/* End XCBuildConfiguration section */

/* Begin XCConfigurationList section */
		F6FA61A829BA1C2C00C5F6B6 /* Build configuration list for PBXProject "Algorithm" */ = {
			isa = XCConfigurationList;
			buildConfigurations = (
				F6FA61B229BA1C2C00C5F6B6 /* Debug */,
				F6FA61B329BA1C2C00C5F6B6 /* Release */,
			);
			defaultConfigurationIsVisible = 0;
			defaultConfigurationName = Release;
		};
		F6FA61B429BA1C2C00C5F6B6 /* Build configuration list for PBXNativeTarget "Algorithm" */ = {
			isa = XCConfigurationList;
			buildConfigurations = (
				F6FA61B529BA1C2C00C5F6B6 /* Debug */,
				F6FA61B629BA1C2C00C5F6B6 /* Release */,
			);
			defaultConfigurationIsVisible = 0;
			defaultConfigurationName = Release;
		};
/* End XCConfigurationList section */
	};
	rootObject = F6FA61A529BA1C2C00C5F6B6 /* Project object */;
}
